
Microsoft Visual Studio Solution File, Format Version 12.00
# Visual Studio Version 17
VisualStudioVersion = 17.13.35617.110
MinimumVisualStudioVersion = 10.0.40219.1
Project("{FAE04EC0-301F-11D3-BF4B-00C04F79EFBC}") = "GUI_QuanLyThuVien", "GUI_QuanLyThuVien\GUI_QuanLyThuVien.csproj", "{E4A82F38-A7E4-4A9D-A852-BCD428ADE972}"
EndProject
Project("{FAE04EC0-301F-11D3-BF4B-00C04F79EFBC}") = "BLL_QuanLyThuVien", "BLL_QuanLyThuVien\BLL_QuanLyThuVien.csproj", "{09D058AB-258E-496B-AE03-9F0117BAB4D9}"
EndProject
Project("{FAE04EC0-301F-11D3-BF4B-00C04F79EFBC}") = "DAL_QuanLyThuVien", "DAL_QuanLyThuVien\DAL_QuanLyThuVien.csproj", "{28BDA6C4-1B4B-4620-B15F-E47FE46580EE}"
EndProject
Project("{FAE04EC0-301F-11D3-BF4B-00C04F79EFBC}") = "Util_QuanLyThuVien", "Util_QuanLyThuVien\Util_QuanLyThuVien.csproj", "{D7CFFE41-7E43-4534-AD69-4AFBEED96E43}"
EndProject
Project("{FAE04EC0-301F-11D3-BF4B-00C04F79EFBC}") = "DTO_QuanLyThuVien", "DTO_QuanLyThuVien\DTO_QuanLyThuVien.csproj", "{1588B405-15BC-4F86-9E6A-11BDB2CF5367}"
EndProject
Global
	GlobalSection(SolutionConfigurationPlatforms) = preSolution
		Debug|Any CPU = Debug|Any CPU
		Release|Any CPU = Release|Any CPU
	EndGlobalSection
	GlobalSection(ProjectConfigurationPlatforms) = postSolution
		{E4A82F38-A7E4-4A9D-A852-BCD428ADE972}.Debug|Any CPU.ActiveCfg = Debug|Any CPU
		{E4A82F38-A7E4-4A9D-A852-BCD428ADE972}.Debug|Any CPU.Build.0 = Debug|Any CPU
		{E4A82F38-A7E4-4A9D-A852-BCD428ADE972}.Release|Any CPU.ActiveCfg = Release|Any CPU
		{E4A82F38-A7E4-4A9D-A852-BCD428ADE972}.Release|Any CPU.Build.0 = Release|Any CPU
		{09D058AB-258E-496B-AE03-9F0117BAB4D9}.Debug|Any CPU.ActiveCfg = Debug|Any CPU
		{09D058AB-258E-496B-AE03-9F0117BAB4D9}.Debug|Any CPU.Build.0 = Debug|Any CPU
		{09D058AB-258E-496B-AE03-9F0117BAB4D9}.Release|Any CPU.ActiveCfg = Release|Any CPU
		{09D058AB-258E-496B-AE03-9F0117BAB4D9}.Release|Any CPU.Build.0 = Release|Any CPU
		{28BDA6C4-1B4B-4620-B15F-E47FE46580EE}.Debug|Any CPU.ActiveCfg = Debug|Any CPU
		{28BDA6C4-1B4B-4620-B15F-E47FE46580EE}.Debug|Any CPU.Build.0 = Debug|Any CPU
		{28BDA6C4-1B4B-4620-B15F-E47FE46580EE}.Release|Any CPU.ActiveCfg = Release|Any CPU
		{28BDA6C4-1B4B-4620-B15F-E47FE46580EE}.Release|Any CPU.Build.0 = Release|Any CPU
		{D7CFFE41-7E43-4534-AD69-4AFBEED96E43}.Debug|Any CPU.ActiveCfg = Debug|Any CPU
		{D7CFFE41-7E43-4534-AD69-4AFBEED96E43}.Debug|Any CPU.Build.0 = Debug|Any CPU
		{D7CFFE41-7E43-4534-AD69-4AFBEED96E43}.Release|Any CPU.ActiveCfg = Release|Any CPU
		{D7CFFE41-7E43-4534-AD69-4AFBEED96E43}.Release|Any CPU.Build.0 = Release|Any CPU
		{1588B405-15BC-4F86-9E6A-11BDB2CF5367}.Debug|Any CPU.ActiveCfg = Debug|Any CPU
		{1588B405-15BC-4F86-9E6A-11BDB2CF5367}.Debug|Any CPU.Build.0 = Debug|Any CPU
		{1588B405-15BC-4F86-9E6A-11BDB2CF5367}.Release|Any CPU.ActiveCfg = Release|Any CPU
		{1588B405-15BC-4F86-9E6A-11BDB2CF5367}.Release|Any CPU.Build.0 = Release|Any CPU
	EndGlobalSection
	GlobalSection(SolutionProperties) = preSolution
		HideSolutionNode = FALSE
	EndGlobalSection
	GlobalSection(ExtensibilityGlobals) = postSolution
		SolutionGuid = {57508092-A23C-4B56-AC26-32B5220CB286}
	EndGlobalSection
EndGlobal
